// !$*UTF8*$!
{
	archiveVersion = 1;
	classes = {
	};
	objectVersion = 46;
	objects = {

/* Begin PBXBuildFile section */
		F3BAD8261A15B3290064987A /* AppDelegate.swift in Sources */ = {isa = PBXBuildFile; fileRef = F3BAD8251A15B3290064987A /* AppDelegate.swift */; };
		F3BAD8281A15B3290064987A /* ViewController.swift in Sources */ = {isa = PBXBuildFile; fileRef = F3BAD8271A15B3290064987A /* ViewController.swift */; };
		F3BAD82B1A15B3290064987A /* Main.storyboard in Resources */ = {isa = PBXBuildFile; fileRef = F3BAD8291A15B3290064987A /* Main.storyboard */; };
		F3BAD82D1A15B3290064987A /* Images.xcassets in Resources */ = {isa = PBXBuildFile; fileRef = F3BAD82C1A15B3290064987A /* Images.xcassets */; };
		F3BAD8301A15B3290064987A /* LaunchScreen.xib in Resources */ = {isa = PBXBuildFile; fileRef = F3BAD82E1A15B3290064987A /* LaunchScreen.xib */; };
		F3BAD83C1A15B3290064987A /* SwiftWith3rdLibDemoTests.swift in Sources */ = {isa = PBXBuildFile; fileRef = F3BAD83B1A15B3290064987A /* SwiftWith3rdLibDemoTests.swift */; };
		F3BAD8521A15BDD50064987A /* Snappy.framework in Frameworks */ = {isa = PBXBuildFile; fileRef = F3BAD84F1A15B8B00064987A /* Snappy.framework */; };
		F3BAD8531A15BDD50064987A /* Snappy.framework in Embed Frameworks */ = {isa = PBXBuildFile; fileRef = F3BAD84F1A15B8B00064987A /* Snappy.framework */; settings = {ATTRIBUTES = (CodeSignOnCopy, RemoveHeadersOnCopy, ); }; };
		F3BAD8661A15E1E20064987A /* libSDWebImage.a in Frameworks */ = {isa = PBXBuildFile; fileRef = F3BAD85F1A15DFDD0064987A /* libSDWebImage.a */; };
		F3BAD8681A15E1F00064987A /* ImageIO.framework in Frameworks */ = {isa = PBXBuildFile; fileRef = F3BAD8671A15E1F00064987A /* ImageIO.framework */; };
		F3BAD87F1A15EC7A0064987A /* Alamofire.framework in Frameworks */ = {isa = PBXBuildFile; fileRef = F3BAD87C1A15EC330064987A /* Alamofire.framework */; };
		F3BAD8801A15EC7A0064987A /* Alamofire.framework in Embed Frameworks */ = {isa = PBXBuildFile; fileRef = F3BAD87C1A15EC330064987A /* Alamofire.framework */; settings = {ATTRIBUTES = (CodeSignOnCopy, RemoveHeadersOnCopy, ); }; };
/* End PBXBuildFile section */

/* Begin PBXContainerItemProxy section */
		F3BAD8361A15B3290064987A /* PBXContainerItemProxy */ = {
			isa = PBXContainerItemProxy;
			containerPortal = F3BAD8181A15B3290064987A /* Project object */;
			proxyType = 1;
			remoteGlobalIDString = F3BAD81F1A15B3290064987A;
			remoteInfo = SwiftWith3rdLibDemo;
		};
		F3BAD84E1A15B8B00064987A /* PBXContainerItemProxy */ = {
			isa = PBXContainerItemProxy;
			containerPortal = F3BAD8491A15B8B00064987A /* Snappy.xcodeproj */;
			proxyType = 2;
			remoteGlobalIDString = EEBCC9D819CC627D0083B827;
			remoteInfo = Snappy;
		};
		F3BAD8501A15B8B00064987A /* PBXContainerItemProxy */ = {
			isa = PBXContainerItemProxy;
			containerPortal = F3BAD8491A15B8B00064987A /* Snappy.xcodeproj */;
			proxyType = 2;
			remoteGlobalIDString = EEBCC9E219CC627E0083B827;
			remoteInfo = SnappyTests;
		};
		F3BAD8541A15BDD50064987A /* PBXContainerItemProxy */ = {
			isa = PBXContainerItemProxy;
			containerPortal = F3BAD8491A15B8B00064987A /* Snappy.xcodeproj */;
			proxyType = 1;
			remoteGlobalIDString = EEBCC9D719CC627D0083B827;
			remoteInfo = Snappy;
		};
		F3BAD85E1A15DFDD0064987A /* PBXContainerItemProxy */ = {
			isa = PBXContainerItemProxy;
			containerPortal = F3BAD8571A15DFDD0064987A /* SDWebImage.xcodeproj */;
			proxyType = 2;
			remoteGlobalIDString = 53761325155AD0D5005750A4;
			remoteInfo = SDWebImage;
		};
		F3BAD8601A15DFDD0064987A /* PBXContainerItemProxy */ = {
			isa = PBXContainerItemProxy;
			containerPortal = F3BAD8571A15DFDD0064987A /* SDWebImage.xcodeproj */;
			proxyType = 2;
			remoteGlobalIDString = 537D95C117ECC1FE0097C263;
			remoteInfo = "SDWebImage+WebP";
		};
		F3BAD8621A15DFDD0064987A /* PBXContainerItemProxy */ = {
			isa = PBXContainerItemProxy;
			containerPortal = F3BAD8571A15DFDD0064987A /* SDWebImage.xcodeproj */;
			proxyType = 2;
			remoteGlobalIDString = 531041E0157EAFA400BBABC3;
			remoteInfo = "SDWebImage+MKAnnotation";
		};
		F3BAD8641A15E0FC0064987A /* PBXContainerItemProxy */ = {
			isa = PBXContainerItemProxy;
			containerPortal = F3BAD8571A15DFDD0064987A /* SDWebImage.xcodeproj */;
			proxyType = 1;
			remoteGlobalIDString = 53761307155AD0D5005750A4;
			remoteInfo = SDWebImage;
		};
		F3BAD87B1A15EC330064987A /* PBXContainerItemProxy */ = {
			isa = PBXContainerItemProxy;
			containerPortal = F3BAD8761A15EC320064987A /* Alamofire.xcodeproj */;
			proxyType = 2;
			remoteGlobalIDString = F8111E3319A95C8B0040E7D1;
			remoteInfo = Alamofire;
		};
		F3BAD87D1A15EC330064987A /* PBXContainerItemProxy */ = {
			isa = PBXContainerItemProxy;
			containerPortal = F3BAD8761A15EC320064987A /* Alamofire.xcodeproj */;
			proxyType = 2;
			remoteGlobalIDString = F8111E3E19A95C8B0040E7D1;
			remoteInfo = AlamofireTests;
		};
		F3BAD8811A15EC7A0064987A /* PBXContainerItemProxy */ = {
			isa = PBXContainerItemProxy;
			containerPortal = F3BAD8761A15EC320064987A /* Alamofire.xcodeproj */;
			proxyType = 1;
			remoteGlobalIDString = F8111E3219A95C8B0040E7D1;
			remoteInfo = Alamofire;
		};
/* End PBXContainerItemProxy section */

/* Begin PBXCopyFilesBuildPhase section */
		F3BAD8561A15BDD50064987A /* Embed Frameworks */ = {
			isa = PBXCopyFilesBuildPhase;
			buildActionMask = 2147483647;
			dstPath = "";
			dstSubfolderSpec = 10;
			files = (
				F3BAD8531A15BDD50064987A /* Snappy.framework in Embed Frameworks */,
				F3BAD8801A15EC7A0064987A /* Alamofire.framework in Embed Frameworks */,
			);
			name = "Embed Frameworks";
			runOnlyForDeploymentPostprocessing = 0;
		};
/* End PBXCopyFilesBuildPhase section */

/* Begin PBXFileReference section */
		F3BAD8201A15B3290064987A /* SwiftWith3rdLibDemo.app */ = {isa = PBXFileReference; explicitFileType = wrapper.application; includeInIndex = 0; path = SwiftWith3rdLibDemo.app; sourceTree = BUILT_PRODUCTS_DIR; };
		F3BAD8241A15B3290064987A /* Info.plist */ = {isa = PBXFileReference; lastKnownFileType = text.plist.xml; path = Info.plist; sourceTree = "<group>"; };
		F3BAD8251A15B3290064987A /* AppDelegate.swift */ = {isa = PBXFileReference; lastKnownFileType = sourcecode.swift; path = AppDelegate.swift; sourceTree = "<group>"; };
		F3BAD8271A15B3290064987A /* ViewController.swift */ = {isa = PBXFileReference; lastKnownFileType = sourcecode.swift; path = ViewController.swift; sourceTree = "<group>"; };
		F3BAD82A1A15B3290064987A /* Base */ = {isa = PBXFileReference; lastKnownFileType = file.storyboard; name = Base; path = Base.lproj/Main.storyboard; sourceTree = "<group>"; };
		F3BAD82C1A15B3290064987A /* Images.xcassets */ = {isa = PBXFileReference; lastKnownFileType = folder.assetcatalog; path = Images.xcassets; sourceTree = "<group>"; };
		F3BAD82F1A15B3290064987A /* Base */ = {isa = PBXFileReference; lastKnownFileType = file.xib; name = Base; path = Base.lproj/LaunchScreen.xib; sourceTree = "<group>"; };
		F3BAD8351A15B3290064987A /* SwiftWith3rdLibDemoTests.xctest */ = {isa = PBXFileReference; explicitFileType = wrapper.cfbundle; includeInIndex = 0; path = SwiftWith3rdLibDemoTests.xctest; sourceTree = BUILT_PRODUCTS_DIR; };
		F3BAD83A1A15B3290064987A /* Info.plist */ = {isa = PBXFileReference; lastKnownFileType = text.plist.xml; path = Info.plist; sourceTree = "<group>"; };
		F3BAD83B1A15B3290064987A /* SwiftWith3rdLibDemoTests.swift */ = {isa = PBXFileReference; lastKnownFileType = sourcecode.swift; path = SwiftWith3rdLibDemoTests.swift; sourceTree = "<group>"; };
		F3BAD8491A15B8B00064987A /* Snappy.xcodeproj */ = {isa = PBXFileReference; lastKnownFileType = "wrapper.pb-project"; name = Snappy.xcodeproj; path = Snappy/Snappy.xcodeproj; sourceTree = "<group>"; };
		F3BAD8571A15DFDD0064987A /* SDWebImage.xcodeproj */ = {isa = PBXFileReference; lastKnownFileType = "wrapper.pb-project"; name = SDWebImage.xcodeproj; path = SDWebImage/SDWebImage.xcodeproj; sourceTree = "<group>"; };
		F3BAD8671A15E1F00064987A /* ImageIO.framework */ = {isa = PBXFileReference; lastKnownFileType = wrapper.framework; name = ImageIO.framework; path = System/Library/Frameworks/ImageIO.framework; sourceTree = SDKROOT; };
		F3BAD8691A15E3D40064987A /* SwiftWith3rdLibDemo-Bridge-Header.h */ = {isa = PBXFileReference; lastKnownFileType = sourcecode.c.h; path = "SwiftWith3rdLibDemo-Bridge-Header.h"; sourceTree = "<group>"; };
		F3BAD8761A15EC320064987A /* Alamofire.xcodeproj */ = {isa = PBXFileReference; lastKnownFileType = "wrapper.pb-project"; name = Alamofire.xcodeproj; path = Alamofire/Alamofire.xcodeproj; sourceTree = "<group>"; };
/* End PBXFileReference section */

/* Begin PBXFrameworksBuildPhase section */
		F3BAD81D1A15B3290064987A /* Frameworks */ = {
			isa = PBXFrameworksBuildPhase;
			buildActionMask = 2147483647;
			files = (
				F3BAD8681A15E1F00064987A /* ImageIO.framework in Frameworks */,
				F3BAD8661A15E1E20064987A /* libSDWebImage.a in Frameworks */,
				F3BAD8521A15BDD50064987A /* Snappy.framework in Frameworks */,
				F3BAD87F1A15EC7A0064987A /* Alamofire.framework in Frameworks */,
			);
			runOnlyForDeploymentPostprocessing = 0;
		};
		F3BAD8321A15B3290064987A /* Frameworks */ = {
			isa = PBXFrameworksBuildPhase;
			buildActionMask = 2147483647;
			files = (
			);
			runOnlyForDeploymentPostprocessing = 0;
		};
/* End PBXFrameworksBuildPhase section */

/* Begin PBXGroup section */
		F3BAD8171A15B3290064987A = {
			isa = PBXGroup;
			children = (
				F3BAD8221A15B3290064987A /* SwiftWith3rdLibDemo */,
				F3BAD8381A15B3290064987A /* SwiftWith3rdLibDemoTests */,
				F3BAD8211A15B3290064987A /* Products */,
				F3BAD8671A15E1F00064987A /* ImageIO.framework */,
				F3BAD8571A15DFDD0064987A /* SDWebImage.xcodeproj */,
				F3BAD8491A15B8B00064987A /* Snappy.xcodeproj */,
				F3BAD8761A15EC320064987A /* Alamofire.xcodeproj */,
			);
			sourceTree = "<group>";
		};
		F3BAD8211A15B3290064987A /* Products */ = {
			isa = PBXGroup;
			children = (
				F3BAD8201A15B3290064987A /* SwiftWith3rdLibDemo.app */,
				F3BAD8351A15B3290064987A /* SwiftWith3rdLibDemoTests.xctest */,
			);
			name = Products;
			sourceTree = "<group>";
		};
		F3BAD8221A15B3290064987A /* SwiftWith3rdLibDemo */ = {
			isa = PBXGroup;
			children = (
				F3BAD8691A15E3D40064987A /* SwiftWith3rdLibDemo-Bridge-Header.h */,
				F3BAD8251A15B3290064987A /* AppDelegate.swift */,
				F3BAD8271A15B3290064987A /* ViewController.swift */,
				F3BAD8291A15B3290064987A /* Main.storyboard */,
				F3BAD82C1A15B3290064987A /* Images.xcassets */,
				F3BAD82E1A15B3290064987A /* LaunchScreen.xib */,
				F3BAD8231A15B3290064987A /* Supporting Files */,
			);
			path = SwiftWith3rdLibDemo;
			sourceTree = "<group>";
		};
		F3BAD8231A15B3290064987A /* Supporting Files */ = {
			isa = PBXGroup;
			children = (
				F3BAD8241A15B3290064987A /* Info.plist */,
			);
			name = "Supporting Files";
			sourceTree = "<group>";
		};
		F3BAD8381A15B3290064987A /* SwiftWith3rdLibDemoTests */ = {
			isa = PBXGroup;
			children = (
				F3BAD83B1A15B3290064987A /* SwiftWith3rdLibDemoTests.swift */,
				F3BAD8391A15B3290064987A /* Supporting Files */,
			);
			path = SwiftWith3rdLibDemoTests;
			sourceTree = "<group>";
		};
		F3BAD8391A15B3290064987A /* Supporting Files */ = {
			isa = PBXGroup;
			children = (
				F3BAD83A1A15B3290064987A /* Info.plist */,
			);
			name = "Supporting Files";
			sourceTree = "<group>";
		};
		F3BAD84A1A15B8B00064987A /* Products */ = {
			isa = PBXGroup;
			children = (
				F3BAD84F1A15B8B00064987A /* Snappy.framework */,
				F3BAD8511A15B8B00064987A /* SnappyTests.xctest */,
			);
			name = Products;
			sourceTree = "<group>";
		};
		F3BAD8581A15DFDD0064987A /* Products */ = {
			isa = PBXGroup;
			children = (
				F3BAD85F1A15DFDD0064987A /* libSDWebImage.a */,
				F3BAD8611A15DFDD0064987A /* libSDWebImage+WebP.a */,
				F3BAD8631A15DFDD0064987A /* libSDWebImage+MKAnnotation.a */,
			);
			name = Products;
			sourceTree = "<group>";
		};
		F3BAD8771A15EC320064987A /* Products */ = {
			isa = PBXGroup;
			children = (
				F3BAD87C1A15EC330064987A /* Alamofire.framework */,
				F3BAD87E1A15EC330064987A /* AlamofireTests.xctest */,
			);
			name = Products;
			sourceTree = "<group>";
		};
/* End PBXGroup section */

/* Begin PBXNativeTarget section */
		F3BAD81F1A15B3290064987A /* SwiftWith3rdLibDemo */ = {
			isa = PBXNativeTarget;
			buildConfigurationList = F3BAD83F1A15B3290064987A /* Build configuration list for PBXNativeTarget "SwiftWith3rdLibDemo" */;
			buildPhases = (
				F3BAD81C1A15B3290064987A /* Sources */,
				F3BAD81D1A15B3290064987A /* Frameworks */,
				F3BAD81E1A15B3290064987A /* Resources */,
				F3BAD8561A15BDD50064987A /* Embed Frameworks */,
			);
			buildRules = (
			);
			dependencies = (
				F3BAD8651A15E0FC0064987A /* PBXTargetDependency */,
				F3BAD8551A15BDD50064987A /* PBXTargetDependency */,
				F3BAD8821A15EC7A0064987A /* PBXTargetDependency */,
			);
			name = SwiftWith3rdLibDemo;
			productName = SwiftWith3rdLibDemo;
			productReference = F3BAD8201A15B3290064987A /* SwiftWith3rdLibDemo.app */;
			productType = "com.apple.product-type.application";
		};
		F3BAD8341A15B3290064987A /* SwiftWith3rdLibDemoTests */ = {
			isa = PBXNativeTarget;
			buildConfigurationList = F3BAD8421A15B3290064987A /* Build configuration list for PBXNativeTarget "SwiftWith3rdLibDemoTests" */;
			buildPhases = (
				F3BAD8311A15B3290064987A /* Sources */,
				F3BAD8321A15B3290064987A /* Frameworks */,
				F3BAD8331A15B3290064987A /* Resources */,
			);
			buildRules = (
			);
			dependencies = (
				F3BAD8371A15B3290064987A /* PBXTargetDependency */,
			);
			name = SwiftWith3rdLibDemoTests;
			productName = SwiftWith3rdLibDemoTests;
			productReference = F3BAD8351A15B3290064987A /* SwiftWith3rdLibDemoTests.xctest */;
			productType = "com.apple.product-type.bundle.unit-test";
		};
/* End PBXNativeTarget section */

/* Begin PBXProject section */
		F3BAD8181A15B3290064987A /* Project object */ = {
			isa = PBXProject;
			attributes = {
				LastUpgradeCheck = 0610;
				ORGANIZATIONNAME = "Marshal Wu";
				TargetAttributes = {
					F3BAD81F1A15B3290064987A = {
						CreatedOnToolsVersion = 6.1;
					};
					F3BAD8341A15B3290064987A = {
						CreatedOnToolsVersion = 6.1;
						TestTargetID = F3BAD81F1A15B3290064987A;
					};
				};
			};
			buildConfigurationList = F3BAD81B1A15B3290064987A /* Build configuration list for PBXProject "SwiftWith3rdLibDemo" */;
			compatibilityVersion = "Xcode 3.2";
			developmentRegion = English;
			hasScannedForEncodings = 0;
			knownRegions = (
				en,
				Base,
			);
			mainGroup = F3BAD8171A15B3290064987A;
			productRefGroup = F3BAD8211A15B3290064987A /* Products */;
			projectDirPath = "";
			projectReferences = (
				{
					ProductGroup = F3BAD8771A15EC320064987A /* Products */;
					ProjectRef = F3BAD8761A15EC320064987A /* Alamofire.xcodeproj */;
				},
				{
					ProductGroup = F3BAD8581A15DFDD0064987A /* Products */;
					ProjectRef = F3BAD8571A15DFDD0064987A /* SDWebImage.xcodeproj */;
				},
				{
					ProductGroup = F3BAD84A1A15B8B00064987A /* Products */;
					ProjectRef = F3BAD8491A15B8B00064987A /* Snappy.xcodeproj */;
				},
			);
			projectRoot = "";
			targets = (
				F3BAD81F1A15B3290064987A /* SwiftWith3rdLibDemo */,
				F3BAD8341A15B3290064987A /* SwiftWith3rdLibDemoTests */,
			);
		};
/* End PBXProject section */

/* Begin PBXReferenceProxy section */
		F3BAD84F1A15B8B00064987A /* Snappy.framework */ = {
			isa = PBXReferenceProxy;
			fileType = wrapper.framework;
			path = Snappy.framework;
			remoteRef = F3BAD84E1A15B8B00064987A /* PBXContainerItemProxy */;
			sourceTree = BUILT_PRODUCTS_DIR;
		};
		F3BAD8511A15B8B00064987A /* SnappyTests.xctest */ = {
			isa = PBXReferenceProxy;
			fileType = wrapper.cfbundle;
			path = SnappyTests.xctest;
			remoteRef = F3BAD8501A15B8B00064987A /* PBXContainerItemProxy */;
			sourceTree = BUILT_PRODUCTS_DIR;
		};
		F3BAD85F1A15DFDD0064987A /* libSDWebImage.a */ = {
			isa = PBXReferenceProxy;
			fileType = archive.ar;
			path = libSDWebImage.a;
			remoteRef = F3BAD85E1A15DFDD0064987A /* PBXContainerItemProxy */;
			sourceTree = BUILT_PRODUCTS_DIR;
		};
		F3BAD8611A15DFDD0064987A /* libSDWebImage+WebP.a */ = {
			isa = PBXReferenceProxy;
			fileType = archive.ar;
			path = "libSDWebImage+WebP.a";
			remoteRef = F3BAD8601A15DFDD0064987A /* PBXContainerItemProxy */;
			sourceTree = BUILT_PRODUCTS_DIR;
		};
		F3BAD8631A15DFDD0064987A /* libSDWebImage+MKAnnotation.a */ = {
			isa = PBXReferenceProxy;
			fileType = archive.ar;
			path = "libSDWebImage+MKAnnotation.a";
			remoteRef = F3BAD8621A15DFDD0064987A /* PBXContainerItemProxy */;
			sourceTree = BUILT_PRODUCTS_DIR;
		};
		F3BAD87C1A15EC330064987A /* Alamofire.framework */ = {
			isa = PBXReferenceProxy;
			fileType = wrapper.framework;
			path = Alamofire.framework;
			remoteRef = F3BAD87B1A15EC330064987A /* PBXContainerItemProxy */;
			sourceTree = BUILT_PRODUCTS_DIR;
		};
		F3BAD87E1A15EC330064987A /* AlamofireTests.xctest */ = {
			isa = PBXReferenceProxy;
			fileType = wrapper.cfbundle;
			path = AlamofireTests.xctest;
			remoteRef = F3BAD87D1A15EC330064987A /* PBXContainerItemProxy */;
			sourceTree = BUILT_PRODUCTS_DIR;
		};
/* End PBXReferenceProxy section */

/* Begin PBXResourcesBuildPhase section */
		F3BAD81E1A15B3290064987A /* Resources */ = {
			isa = PBXResourcesBuildPhase;
			buildActionMask = 2147483647;
			files = (
				F3BAD82B1A15B3290064987A /* Main.storyboard in Resources */,
				F3BAD8301A15B3290064987A /* LaunchScreen.xib in Resources */,
				F3BAD82D1A15B3290064987A /* Images.xcassets in Resources */,
			);
			runOnlyForDeploymentPostprocessing = 0;
		};
		F3BAD8331A15B3290064987A /* Resources */ = {
			isa = PBXResourcesBuildPhase;
			buildActionMask = 2147483647;
			files = (
			);
			runOnlyForDeploymentPostprocessing = 0;
		};
/* End PBXResourcesBuildPhase section */

/* Begin PBXSourcesBuildPhase section */
		F3BAD81C1A15B3290064987A /* Sources */ = {
			isa = PBXSourcesBuildPhase;
			buildActionMask = 2147483647;
			files = (
				F3BAD8281A15B3290064987A /* ViewController.swift in Sources */,
				F3BAD8261A15B3290064987A /* AppDelegate.swift in Sources */,
			);
			runOnlyForDeploymentPostprocessing = 0;
		};
		F3BAD8311A15B3290064987A /* Sources */ = {
			isa = PBXSourcesBuildPhase;
			buildActionMask = 2147483647;
			files = (
				F3BAD83C1A15B3290064987A /* SwiftWith3rdLibDemoTests.swift in Sources */,
			);
			runOnlyForDeploymentPostprocessing = 0;
		};
/* End PBXSourcesBuildPhase section */

/* Begin PBXTargetDependency section */
		F3BAD8371A15B3290064987A /* PBXTargetDependency */ = {
			isa = PBXTargetDependency;
			target = F3BAD81F1A15B3290064987A /* SwiftWith3rdLibDemo */;
			targetProxy = F3BAD8361A15B3290064987A /* PBXContainerItemProxy */;
		};
		F3BAD8551A15BDD50064987A /* PBXTargetDependency */ = {
			isa = PBXTargetDependency;
			name = Snappy;
			targetProxy = F3BAD8541A15BDD50064987A /* PBXContainerItemProxy */;
		};
		F3BAD8651A15E0FC0064987A /* PBXTargetDependency */ = {
			isa = PBXTargetDependency;
			name = SDWebImage;
			targetProxy = F3BAD8641A15E0FC0064987A /* PBXContainerItemProxy */;
		};
		F3BAD8821A15EC7A0064987A /* PBXTargetDependency */ = {
			isa = PBXTargetDependency;
			name = Alamofire;
			targetProxy = F3BAD8811A15EC7A0064987A /* PBXContainerItemProxy */;
		};
/* End PBXTargetDependency section */

/* Begin PBXVariantGroup section */
		F3BAD8291A15B3290064987A /* Main.storyboard */ = {
			isa = PBXVariantGroup;
			children = (
				F3BAD82A1A15B3290064987A /* Base */,
			);
			name = Main.storyboard;
			sourceTree = "<group>";
		};
		F3BAD82E1A15B3290064987A /* LaunchScreen.xib */ = {
			isa = PBXVariantGroup;
			children = (
				F3BAD82F1A15B3290064987A /* Base */,
			);
			name = LaunchScreen.xib;
			sourceTree = "<group>";
		};
/* End PBXVariantGroup section */

/* Begin XCBuildConfiguration section */
		F3BAD83D1A15B3290064987A /* Debug */ = {
			isa = XCBuildConfiguration;
			buildSettings = {
				ALWAYS_SEARCH_USER_PATHS = NO;
				CLANG_CXX_LANGUAGE_STANDARD = "gnu++0x";
				CLANG_CXX_LIBRARY = "libc++";
				CLANG_ENABLE_MODULES = YES;
				CLANG_ENABLE_OBJC_ARC = YES;
				CLANG_WARN_BOOL_CONVERSION = YES;
				CLANG_WARN_CONSTANT_CONVERSION = YES;
				CLANG_WARN_DIRECT_OBJC_ISA_USAGE = YES_ERROR;
				CLANG_WARN_EMPTY_BODY = YES;
				CLANG_WARN_ENUM_CONVERSION = YES;
				CLANG_WARN_INT_CONVERSION = YES;
				CLANG_WARN_OBJC_ROOT_CLASS = YES_ERROR;
				CLANG_WARN_UNREACHABLE_CODE = YES;
				CLANG_WARN__DUPLICATE_METHOD_MATCH = YES;
				"CODE_SIGN_IDENTITY[sdk=iphoneos*]" = "iPhone Developer";
				COPY_PHASE_STRIP = NO;
				ENABLE_STRICT_OBJC_MSGSEND = YES;
				GCC_C_LANGUAGE_STANDARD = gnu99;
				GCC_DYNAMIC_NO_PIC = NO;
				GCC_OPTIMIZATION_LEVEL = 0;
				GCC_PREPROCESSOR_DEFINITIONS = (
					"DEBUG=1",
					"$(inherited)",
				);
				GCC_SYMBOLS_PRIVATE_EXTERN = NO;
				GCC_WARN_64_TO_32_BIT_CONVERSION = YES;
				GCC_WARN_ABOUT_RETURN_TYPE = YES_ERROR;
				GCC_WARN_UNDECLARED_SELECTOR = YES;
				GCC_WARN_UNINITIALIZED_AUTOS = YES_AGGRESSIVE;
				GCC_WARN_UNUSED_FUNCTION = YES;
				GCC_WARN_UNUSED_VARIABLE = YES;
				IPHONEOS_DEPLOYMENT_TARGET = 8.1;
				MTL_ENABLE_DEBUG_INFO = YES;
				ONLY_ACTIVE_ARCH = YES;
				SDKROOT = iphoneos;
				SWIFT_OBJC_BRIDGING_HEADER = "";
				SWIFT_OPTIMIZATION_LEVEL = "-Onone";
			};
			name = Debug;
		};
		F3BAD83E1A15B3290064987A /* Release */ = {
			isa = XCBuildConfiguration;
			buildSettings = {
				ALWAYS_SEARCH_USER_PATHS = NO;
				CLANG_CXX_LANGUAGE_STANDARD = "gnu++0x";
				CLANG_CXX_LIBRARY = "libc++";
				CLANG_ENABLE_MODULES = YES;
				CLANG_ENABLE_OBJC_ARC = YES;
				CLANG_WARN_BOOL_CONVERSION = YES;
				CLANG_WARN_CONSTANT_CONVERSION = YES;
				CLANG_WARN_DIRECT_OBJC_ISA_USAGE = YES_ERROR;
				CLANG_WARN_EMPTY_BODY = YES;
				CLANG_WARN_ENUM_CONVERSION = YES;
				CLANG_WARN_INT_CONVERSION = YES;
				CLANG_WARN_OBJC_ROOT_CLASS = YES_ERROR;
				CLANG_WARN_UNREACHABLE_CODE = YES;
				CLANG_WARN__DUPLICATE_METHOD_MATCH = YES;
				"CODE_SIGN_IDENTITY[sdk=iphoneos*]" = "iPhone Developer";
				COPY_PHASE_STRIP = YES;
				ENABLE_NS_ASSERTIONS = NO;
				ENABLE_STRICT_OBJC_MSGSEND = YES;
				GCC_C_LANGUAGE_STANDARD = gnu99;
				GCC_WARN_64_TO_32_BIT_CONVERSION = YES;
				GCC_WARN_ABOUT_RETURN_TYPE = YES_ERROR;
				GCC_WARN_UNDECLARED_SELECTOR = YES;
				GCC_WARN_UNINITIALIZED_AUTOS = YES_AGGRESSIVE;
				GCC_WARN_UNUSED_FUNCTION = YES;
				GCC_WARN_UNUSED_VARIABLE = YES;
				IPHONEOS_DEPLOYMENT_TARGET = 8.1;
				MTL_ENABLE_DEBUG_INFO = NO;
				SDKROOT = iphoneos;
				SWIFT_OBJC_BRIDGING_HEADER = "";
				VALIDATE_PRODUCT = YES;
			};
			name = Release;
		};
		F3BAD8401A15B3290064987A /* Debug */ = {
			isa = XCBuildConfiguration;
			buildSettings = {
				ASSETCATALOG_COMPILER_APPICON_NAME = AppIcon;
				EMBEDDED_CONTENT_CONTAINS_SWIFT = YES;
				INFOPLIST_FILE = SwiftWith3rdLibDemo/Info.plist;
				LD_RUNPATH_SEARCH_PATHS = "$(inherited) @executable_path/Frameworks";
				OTHER_LDFLAGS = "-ObjC";
				PRODUCT_NAME = "$(TARGET_NAME)";
				SWIFT_OBJC_BRIDGING_HEADER = "SwiftWith3rdLibDemo/SwiftWith3rdLibDemo-Bridge-Header.h";
			};
			name = Debug;
		};
		F3BAD8411A15B3290064987A /* Release */ = {
			isa = XCBuildConfiguration;
			buildSettings = {
				ASSETCATALOG_COMPILER_APPICON_NAME = AppIcon;
				EMBEDDED_CONTENT_CONTAINS_SWIFT = YES;
				INFOPLIST_FILE = SwiftWith3rdLibDemo/Info.plist;
				LD_RUNPATH_SEARCH_PATHS = "$(inherited) @executable_path/Frameworks";
				OTHER_LDFLAGS = "-ObjC";
				PRODUCT_NAME = "$(TARGET_NAME)";
				SWIFT_OBJC_BRIDGING_HEADER = "SwiftWith3rdLibDemo/SwiftWith3rdLibDemo-Bridge-Header.h";
			};
			name = Release;
		};
		F3BAD8431A15B3290064987A /* Debug */ = {
			isa = XCBuildConfiguration;
			buildSettings = {
				BUNDLE_LOADER = "$(TEST_HOST)";
				FRAMEWORK_SEARCH_PATHS = (
					"$(SDKROOT)/Developer/Library/Frameworks",
					"$(inherited)",
				);
				GCC_PREPROCESSOR_DEFINITIONS = (
					"DEBUG=1",
					"$(inherited)",
				);
				INFOPLIST_FILE = SwiftWith3rdLibDemoTests/Info.plist;
				LD_RUNPATH_SEARCH_PATHS = "$(inherited) @executable_path/Frameworks @loader_path/Frameworks";
				PRODUCT_NAME = "$(TARGET_NAME)";
				TEST_HOST = "$(BUILT_PRODUCTS_DIR)/SwiftWith3rdLibDemo.app/SwiftWith3rdLibDemo";
			};
			name = Debug;
		};
		F3BAD8441A15B3290064987A /* Release */ = {
			isa = XCBuildConfiguration;
			buildSettings = {
				BUNDLE_LOADER = "$(TEST_HOST)";
				FRAMEWORK_SEARCH_PATHS = (
					"$(SDKROOT)/Developer/Library/Frameworks",
					"$(inherited)",
				);
				INFOPLIST_FILE = SwiftWith3rdLibDemoTests/Info.plist;
				LD_RUNPATH_SEARCH_PATHS = "$(inherited) @executable_path/Frameworks @loader_path/Frameworks";
				PRODUCT_NAME = "$(TARGET_NAME)";
				TEST_HOST = "$(BUILT_PRODUCTS_DIR)/SwiftWith3rdLibDemo.app/SwiftWith3rdLibDemo";
			};
			name = Release;
		};
/* End XCBuildConfiguration section */

/* Begin XCConfigurationList section */
		F3BAD81B1A15B3290064987A /* Build configuration list for PBXProject "SwiftWith3rdLibDemo" */ = {
			isa = XCConfigurationList;
			buildConfigurations = (
				F3BAD83D1A15B3290064987A /* Debug */,
				F3BAD83E1A15B3290064987A /* Release */,
			);
			defaultConfigurationIsVisible = 0;
			defaultConfigurationName = Release;
		};
		F3BAD83F1A15B3290064987A /* Build configuration list for PBXNativeTarget "SwiftWith3rdLibDemo" */ = {
			isa = XCConfigurationList;
			buildConfigurations = (
				F3BAD8401A15B3290064987A /* Debug */,
				F3BAD8411A15B3290064987A /* Release */,
			);
			defaultConfigurationIsVisible = 0;
		};
		F3BAD8421A15B3290064987A /* Build configuration list for PBXNativeTarget "SwiftWith3rdLibDemoTests" */ = {
			isa = XCConfigurationList;
			buildConfigurations = (
				F3BAD8431A15B3290064987A /* Debug */,
				F3BAD8441A15B3290064987A /* Release */,
			);
			defaultConfigurationIsVisible = 0;
		};
/* End XCConfigurationList section */
	};
	rootObject = F3BAD8181A15B3290064987A /* Project object */;
}
